
Microsoft Visual Studio Solution File, Format Version 12.00
# Visual Studio 15
VisualStudioVersion = 15.0.28307.1022
MinimumVisualStudioVersion = 10.0.40219.1
Project("{FAE04EC0-301F-11D3-BF4B-00C04F79EFBC}") = "SimpleCryptoSystems", "SimpleCryptoSystems\SimpleCryptoSystems.csproj", "{F7376D37-0FE9-47DA-B0B2-0DCD3614583C}"
EndProject
Global
	GlobalSection(SolutionConfigurationPlatforms) = preSolution
		Debug|Any CPU = Debug|Any CPU
		Release|Any CPU = Release|Any CPU
	EndGlobalSection
	GlobalSection(ProjectConfigurationPlatforms) = postSolution
		{F7376D37-0FE9-47DA-B0B2-0DCD3614583C}.Debug|Any CPU.ActiveCfg = Debug|Any CPU
		{F7376D37-0FE9-47DA-B0B2-0DCD3614583C}.Debug|Any CPU.Build.0 = Debug|Any CPU
		{F7376D37-0FE9-47DA-B0B2-0DCD3614583C}.Release|Any CPU.ActiveCfg = Release|Any CPU
		{F7376D37-0FE9-47DA-B0B2-0DCD3614583C}.Release|Any CPU.Build.0 = Release|Any CPU
	EndGlobalSection
	GlobalSection(SolutionProperties) = preSolution
		HideSolutionNode = FALSE
	EndGlobalSection
	GlobalSection(ExtensibilityGlobals) = postSolution
		SolutionGuid = {3CF1BC2B-2A1C-45A8-8E87-86F4BFCADAF0}
	EndGlobalSection
EndGlobal
